<?xml version="1.0" encoding="utf-8"?>
<Project ToolsVersion="4.0" xmlns="http://schemas.microsoft.com/developer/msbuild/2003">
  <ItemGroup>
    <FxCompile Include="Resources\Shaders\Object3D.PS.hlsl">
      <Filter>リソース ファイル\Shader</Filter>
    </FxCompile>
    <FxCompile Include="Resources\Shaders\Object3D.VS.hlsl">
      <Filter>リソース ファイル\Shader</Filter>
    </FxCompile>
    <FxCompile Include="Resources\Shaders\Sprite.PS.hlsl">
      <Filter>リソース ファイル\Shader</Filter>
    </FxCompile>
    <FxCompile Include="Resources\Shaders\Sprite.VS.hlsl">
      <Filter>リソース ファイル\Shader</Filter>
    </FxCompile>
    <FxCompile Include="Resources\Shaders\Particle.VS.hlsl">
      <Filter>リソース ファイル\Shader</Filter>
    </FxCompile>
    <FxCompile Include="Resources\Shaders\Particle.PS.hlsl">
      <Filter>リソース ファイル\Shader</Filter>
    </FxCompile>
  </ItemGroup>
  <ItemGroup>
    <ClCompile Include="Engine\2D\Triangle.cpp">
      <Filter>Engine\2D</Filter>
    </ClCompile>
    <ClCompile Include="Engine\2D\Sprite.cpp">
      <Filter>Engine\2D</Filter>
    </ClCompile>
    <ClCompile Include="Engine\3D\Sphere.cpp">
      <Filter>Engine\3D</Filter>
    </ClCompile>
    <ClCompile Include="Engine\3D\Model.cpp">
      <Filter>Engine\3D</Filter>
    </ClCompile>
    <ClCompile Include="Engine\Base\DirectXCommon.cpp">
      <Filter>Engine\Base</Filter>
    </ClCompile>
    <ClCompile Include="Engine\Base\WinApp.cpp">
      <Filter>Engine\Base</Filter>
    </ClCompile>
    <ClCompile Include="Engine\3D\Camera.cpp">
      <Filter>Engine\3D</Filter>
    </ClCompile>
    <ClCompile Include="Engine\Base\Input.cpp">
      <Filter>Engine\Base</Filter>
    </ClCompile>
    <ClCompile Include="Engine\Logger\Logger.cpp">
      <Filter>Engine\Logger</Filter>
    </ClCompile>
    <ClCompile Include="Engine\Logger\DebugHelper.cpp">
      <Filter>Engine\Logger</Filter>
    </ClCompile>
    <ClCompile Include="Engine\Math\MathUtilty.cpp">
      <Filter>Engine\Math</Filter>
    </ClCompile>
    <ClCompile Include="Engine\Math\WorldTransform.cpp">
      <Filter>Engine\Math</Filter>
    </ClCompile>
    <ClCompile Include="Engine\3D\ModelLoader.cpp">
      <Filter>Engine\3D</Filter>
    </ClCompile>
    <ClCompile Include="main.cpp">
      <Filter>Engine</Filter>
    </ClCompile>
    <ClCompile Include="Application\Scene\GamePlayScene.cpp">
      <Filter>Application\Scene</Filter>
    </ClCompile>
    <ClCompile Include="Application\Scene\TitleScene.cpp">
      <Filter>Application\Scene</Filter>
    </ClCompile>
    <ClCompile Include="Application\MyGame.cpp">
      <Filter>Application</Filter>
    </ClCompile>
    <ClCompile Include="Engine\Base\Framework.cpp">
      <Filter>Engine\Base</Filter>
    </ClCompile>
    <ClCompile Include="Engine\Base\Scene\AbstractSceneFactory.cpp">
      <Filter>Engine\Base\Scene</Filter>
    </ClCompile>
    <ClCompile Include="Engine\Base\Scene\SceneFactory.cpp">
      <Filter>Engine\Base\Scene</Filter>
    </ClCompile>
    <ClCompile Include="Engine\Base\Scene\SceneManager.cpp">
      <Filter>Engine\Base\Scene</Filter>
    </ClCompile>
    <ClCompile Include="Engine\Effect\EfectManager.cpp">
      <Filter>Engine\Effect</Filter>
    </ClCompile>
    <ClCompile Include="Engine\Base\Manager\GraphicsPipelineManager.cpp">
      <Filter>Engine\Base\Manager</Filter>
    </ClCompile>
    <ClCompile Include="Engine\Base\Manager\ImGuiManager.cpp">
      <Filter>Engine\Base\Manager</Filter>
    </ClCompile>
    <ClCompile Include="Engine\Base\Manager\TextureManager.cpp">
      <Filter>Engine\Base\Manager</Filter>
    </ClCompile>
    <ClCompile Include="Engine\Effect\ParticleSystem.cpp">
      <Filter>Engine\Effect</Filter>
    </ClCompile>
    <ClCompile Include="Engine\Base\Audio.cpp">
      <Filter>Engine\Base</Filter>
    </ClCompile>
    <ClCompile Include="Engine\Base\Manager\SrvManager.cpp">
      <Filter>Engine\Base\Manager</Filter>
    </ClCompile>
  </ItemGroup>
  <ItemGroup>
    <ClInclude Include="Engine\2D\Triangle.h">
      <Filter>Engine\2D</Filter>
    </ClInclude>
    <ClInclude Include="Engine\2D\Sprite.h">
      <Filter>Engine\2D</Filter>
    </ClInclude>
    <ClInclude Include="Engine\3D\Sphere.h">
      <Filter>Engine\3D</Filter>
    </ClInclude>
    <ClInclude Include="Engine\3D\Model.h">
      <Filter>Engine\3D</Filter>
    </ClInclude>
    <ClInclude Include="Engine\Base\DirectXCommon.h">
      <Filter>Engine\Base</Filter>
    </ClInclude>
    <ClInclude Include="Engine\Base\WinApp.h">
      <Filter>Engine\Base</Filter>
    </ClInclude>
    <ClInclude Include="Engine\3D\Camera.h">
      <Filter>Engine\3D</Filter>
    </ClInclude>
    <ClInclude Include="Engine\Base\Input.h">
      <Filter>Engine\Base</Filter>
    </ClInclude>
    <ClInclude Include="Engine\Logger\Logger.h">
      <Filter>Engine\Logger</Filter>
    </ClInclude>
    <ClInclude Include="Engine\Logger\DebugHelper.h">
      <Filter>Engine\Logger</Filter>
    </ClInclude>
    <ClInclude Include="Engine\Math\Globals.h">
      <Filter>Engine\Math</Filter>
    </ClInclude>
    <ClInclude Include="Engine\Math\MathUtilty.h">
      <Filter>Engine\Math</Filter>
    </ClInclude>
    <ClInclude Include="Engine\Math\MatrixMath.h">
      <Filter>Engine\Math</Filter>
    </ClInclude>
    <ClInclude Include="Engine\Math\ModelData.h">
      <Filter>Engine\Math</Filter>
    </ClInclude>
    <ClInclude Include="Engine\Math\Transform.h">
      <Filter>Engine\Math</Filter>
    </ClInclude>
    <ClInclude Include="Engine\Math\VectorMath.h">
      <Filter>Engine\Math</Filter>
    </ClInclude>
    <ClInclude Include="Engine\Math\WorldTransform.h">
      <Filter>Engine\Math</Filter>
    </ClInclude>
    <ClInclude Include="Engine\3D\ModelLoader.h">
      <Filter>Engine\3D</Filter>
    </ClInclude>
    <ClInclude Include="Application\Scene\GamePlayScene.h">
      <Filter>Application\Scene</Filter>
    </ClInclude>
    <ClInclude Include="Application\Scene\TitleScene.h">
      <Filter>Application\Scene</Filter>
    </ClInclude>
    <ClInclude Include="Application\MyGame.h">
      <Filter>Application</Filter>
    </ClInclude>
    <ClInclude Include="Engine\Base\Framework.h">
      <Filter>Engine\Base</Filter>
    </ClInclude>
    <ClInclude Include="Engine\Base\Scene\AbstractSceneFactory.h">
      <Filter>Engine\Base\Scene</Filter>
    </ClInclude>
    <ClInclude Include="Engine\Base\Scene\BaseScene.h">
      <Filter>Engine\Base\Scene</Filter>
    </ClInclude>
    <ClInclude Include="Engine\Base\Scene\SceneFactory.h">
      <Filter>Engine\Base\Scene</Filter>
    </ClInclude>
    <ClInclude Include="Engine\Base\Scene\SceneManager.h">
      <Filter>Engine\Base\Scene</Filter>
    </ClInclude>
    <ClInclude Include="Engine\Effect\EfectManager.h">
      <Filter>Engine\Effect</Filter>
    </ClInclude>
    <ClInclude Include="Engine\Base\Manager\GraphicsPipelineManager.h">
      <Filter>Engine\Base\Manager</Filter>
    </ClInclude>
    <ClInclude Include="Engine\Base\Manager\ImGuiManager.h">
      <Filter>Engine\Base\Manager</Filter>
    </ClInclude>
    <ClInclude Include="Engine\Base\Manager\TextureManager.h">
      <Filter>Engine\Base\Manager</Filter>
    </ClInclude>
    <ClInclude Include="Engine\Effect\ParticleSystem.h">
      <Filter>Engine\Effect</Filter>
    </ClInclude>
    <ClInclude Include="Engine\Base\Audio.h">
      <Filter>Engine\Base</Filter>
    </ClInclude>
    <ClInclude Include="Engine\Base\Manager\SrvManager.h">
      <Filter>Engine\Base\Manager</Filter>
    </ClInclude>
  </ItemGroup>
  <ItemGroup>
    <Filter Include="Engine">
      <UniqueIdentifier>{f58dd9c8-a3a4-4489-b5a6-b104cdcec850}</UniqueIdentifier>
    </Filter>
    <Filter Include="Engine\2D">
      <UniqueIdentifier>{b22691dc-e77c-4d0f-9e2b-e6822c90994d}</UniqueIdentifier>
    </Filter>
    <Filter Include="Engine\3D">
      <UniqueIdentifier>{bda9ec73-c146-4985-8788-df30d459063b}</UniqueIdentifier>
    </Filter>
    <Filter Include="Engine\Base">
      <UniqueIdentifier>{7ee8f8d5-e886-4369-b4e4-981b62a068f2}</UniqueIdentifier>
    </Filter>
    <Filter Include="リソース ファイル">
      <UniqueIdentifier>{8534864c-843f-4798-8d6b-1fbea3136aaf}</UniqueIdentifier>
    </Filter>
    <Filter Include="リソース ファイル\Shader">
      <UniqueIdentifier>{cbd2c676-171e-4b94-a08f-6503a1029287}</UniqueIdentifier>
    </Filter>
    <Filter Include="Engine\Logger">
      <UniqueIdentifier>{ec636ef2-5eb5-45b0-bbce-f7aab22288c9}</UniqueIdentifier>
    </Filter>
    <Filter Include="Engine\Math">
      <UniqueIdentifier>{65893364-0d4c-4324-9ab5-881d266cae64}</UniqueIdentifier>
    </Filter>
    <Filter Include="Application">
      <UniqueIdentifier>{c25fe7b4-92e6-4423-8adc-83b32a8df0b2}</UniqueIdentifier>
    </Filter>
    <Filter Include="Application\Scene">
      <UniqueIdentifier>{ac9c0d21-da6c-477f-a7f1-9ce7588a153f}</UniqueIdentifier>
    </Filter>
    <Filter Include="Engine\Base\Scene">
      <UniqueIdentifier>{7bee2264-0e25-44a2-b1f1-5b7c4b30097e}</UniqueIdentifier>
    </Filter>
    <Filter Include="Engine\Effect">
      <UniqueIdentifier>{7efb11b3-5190-4cbb-a7b5-39b0f5e6ba4e}</UniqueIdentifier>
    </Filter>
    <Filter Include="Engine\Base\Manager">
      <UniqueIdentifier>{9c53e8b8-5336-4566-9d44-9fd279ae3d78}</UniqueIdentifier>
    </Filter>
    <Filter Include="Engine\Light">
      <UniqueIdentifier>{556e2eef-2ae5-495b-a0e2-ee7a5af59989}</UniqueIdentifier>
    </Filter>
  </ItemGroup>
  <ItemGroup>
    <None Include="Resources\Shaders\Object3D.hlsli">
      <Filter>リソース ファイル\Shader</Filter>
    </None>
    <None Include="Resources\Shaders\Sprite.hlsli">
      <Filter>リソース ファイル\Shader</Filter>
    </None>
    <None Include="Resources\Shaders\Particle.hlsli">
      <Filter>リソース ファイル\Shader</Filter>
    </None>
  </ItemGroup>
</Project>