
Microsoft Visual Studio Solution File, Format Version 12.00
# Visual Studio Version 17
VisualStudioVersion = 17.7.34221.43
MinimumVisualStudioVersion = 10.0.40219.1
Project("{8BC9CEB8-8B4A-11D0-8D11-00A0C91BC942}") = "Engine_roop2", "Engine_roop2.vcxproj", "{FF1AFF3A-8DFE-4BE3-BA67-98DBB1878602}"
EndProject
Project("{2150E333-8FDC-42A3-9474-1A3956D46DE8}") = "ソリューション項目", "ソリューション項目", "{07BA4750-8F5E-4ADF-BFA8-355B153965D9}"
	ProjectSection(SolutionItems) = preProject
		.editorconfig = .editorconfig
	EndProjectSection
EndProject
Project("{8BC9CEB8-8B4A-11D0-8D11-00A0C91BC942}") = "ImGui", "Externals\ImGui\ImGui.vcxproj", "{03ED3CCB-DEF4-4FAC-9395-70068D207DA0}"
EndProject
Project("{8BC9CEB8-8B4A-11D0-8D11-00A0C91BC942}") = "DirectXTex", "Externals\DirectXTex\DirectXTex_Desktop_2022_Win10.vcxproj", "{371B9FA9-4C90-4AC6-A123-ACED756D6C77}"
EndProject
Project("{2150E333-8FDC-42A3-9474-1A3956D46DE8}") = "Externals", "Externals", "{F990F76E-4538-4C2E-9792-06772F201DD6}"
EndProject
Global
	GlobalSection(SolutionConfigurationPlatforms) = preSolution
		Debug|x64 = Debug|x64
		Profile|x64 = Profile|x64
		Release|x64 = Release|x64
	EndGlobalSection
	GlobalSection(ProjectConfigurationPlatforms) = postSolution
		{FF1AFF3A-8DFE-4BE3-BA67-98DBB1878602}.Debug|x64.ActiveCfg = Debug|x64
		{FF1AFF3A-8DFE-4BE3-BA67-98DBB1878602}.Debug|x64.Build.0 = Debug|x64
		{FF1AFF3A-8DFE-4BE3-BA67-98DBB1878602}.Profile|x64.ActiveCfg = Release|x64
		{FF1AFF3A-8DFE-4BE3-BA67-98DBB1878602}.Profile|x64.Build.0 = Release|x64
		{FF1AFF3A-8DFE-4BE3-BA67-98DBB1878602}.Release|x64.ActiveCfg = Release|x64
		{FF1AFF3A-8DFE-4BE3-BA67-98DBB1878602}.Release|x64.Build.0 = Release|x64
		{03ED3CCB-DEF4-4FAC-9395-70068D207DA0}.Debug|x64.ActiveCfg = Debug|x64
		{03ED3CCB-DEF4-4FAC-9395-70068D207DA0}.Debug|x64.Build.0 = Debug|x64
		{03ED3CCB-DEF4-4FAC-9395-70068D207DA0}.Profile|x64.ActiveCfg = Debug|x64
		{03ED3CCB-DEF4-4FAC-9395-70068D207DA0}.Profile|x64.Build.0 = Debug|x64
		{03ED3CCB-DEF4-4FAC-9395-70068D207DA0}.Release|x64.ActiveCfg = Release|x64
		{03ED3CCB-DEF4-4FAC-9395-70068D207DA0}.Release|x64.Build.0 = Release|x64
		{371B9FA9-4C90-4AC6-A123-ACED756D6C77}.Debug|x64.ActiveCfg = Debug|x64
		{371B9FA9-4C90-4AC6-A123-ACED756D6C77}.Debug|x64.Build.0 = Debug|x64
		{371B9FA9-4C90-4AC6-A123-ACED756D6C77}.Profile|x64.ActiveCfg = Profile|x64
		{371B9FA9-4C90-4AC6-A123-ACED756D6C77}.Profile|x64.Build.0 = Profile|x64
		{371B9FA9-4C90-4AC6-A123-ACED756D6C77}.Release|x64.ActiveCfg = Release|x64
		{371B9FA9-4C90-4AC6-A123-ACED756D6C77}.Release|x64.Build.0 = Release|x64
	EndGlobalSection
	GlobalSection(SolutionProperties) = preSolution
		HideSolutionNode = FALSE
	EndGlobalSection
	GlobalSection(NestedProjects) = preSolution
		{03ED3CCB-DEF4-4FAC-9395-70068D207DA0} = {F990F76E-4538-4C2E-9792-06772F201DD6}
		{371B9FA9-4C90-4AC6-A123-ACED756D6C77} = {F990F76E-4538-4C2E-9792-06772F201DD6}
	EndGlobalSection
	GlobalSection(ExtensibilityGlobals) = postSolution
		SolutionGuid = {05186E42-A34B-4BCD-9EA1-55A317ED42D3}
	EndGlobalSection
EndGlobal
